
Microsoft Visual Studio Solution File, Format Version 12.00
# Visual Studio 15
VisualStudioVersion = 15.0.28307.757
MinimumVisualStudioVersion = 10.0.40219.1
Project("{9A19103F-16F7-4668-BE54-9A1E7A4F7556}") = "Nop.Plugin.ExternalAuth.NovellActiveDirectory", "Nop.Plugin.ExternalAuth.NovellActiveDirectory.csproj", "{218A64F0-F9FE-4F64-86B4-09D82F5D21CB}"
EndProject
Global
	GlobalSection(SolutionConfigurationPlatforms) = preSolution
		Debug|Any CPU = Debug|Any CPU
		Release|Any CPU = Release|Any CPU
	EndGlobalSection
	GlobalSection(ProjectConfigurationPlatforms) = postSolution
		{218A64F0-F9FE-4F64-86B4-09D82F5D21CB}.Debug|Any CPU.ActiveCfg = Debug|Any CPU
		{218A64F0-F9FE-4F64-86B4-09D82F5D21CB}.Debug|Any CPU.Build.0 = Debug|Any CPU
		{218A64F0-F9FE-4F64-86B4-09D82F5D21CB}.Release|Any CPU.ActiveCfg = Release|Any CPU
		{218A64F0-F9FE-4F64-86B4-09D82F5D21CB}.Release|Any CPU.Build.0 = Release|Any CPU
	EndGlobalSection
	GlobalSection(SolutionProperties) = preSolution
		HideSolutionNode = FALSE
	EndGlobalSection
	GlobalSection(ExtensibilityGlobals) = postSolution
		SolutionGuid = {21CEF484-2C4A-49CA-A57D-D3C8D79494FD}
	EndGlobalSection
EndGlobal
